
Microsoft Visual Studio Solution File, Format Version 12.00
# Visual Studio 2013
VisualStudioVersion = 12.0.30723.0
MinimumVisualStudioVersion = 10.0.40219.1
Project("{8BC9CEB8-8B4A-11D0-8D11-00A0C91BC942}") = "ConstraintSolver", "ConstraintSolver\ConstraintSolver.vcxproj", "{E87AC008-B5E5-4EC5-A050-224F0AFD066B}"
EndProject
Project("{2150E333-8FDC-42A3-9474-1A3956D46DE8}") = "Solution Items", "Solution Items", "{0E03AB80-B14A-4AA8-87BC-7700E2DCFFE1}"
EndProject
Global
	GlobalSection(SolutionConfigurationPlatforms) = preSolution
		Debug|Win32 = Debug|Win32
		Release|Win32 = Release|Win32
	EndGlobalSection
	GlobalSection(ProjectConfigurationPlatforms) = postSolution
		{E87AC008-B5E5-4EC5-A050-224F0AFD066B}.Debug|Win32.ActiveCfg = Debug|Win32
		{E87AC008-B5E5-4EC5-A050-224F0AFD066B}.Debug|Win32.Build.0 = Debug|Win32
		{E87AC008-B5E5-4EC5-A050-224F0AFD066B}.Release|Win32.ActiveCfg = Release|Win32
		{E87AC008-B5E5-4EC5-A050-224F0AFD066B}.Release|Win32.Build.0 = Release|Win32
	EndGlobalSection
	GlobalSection(SolutionProperties) = preSolution
		HideSolutionNode = FALSE
	EndGlobalSection
	GlobalSection(Performance) = preSolution
		HasPerformanceSessions = true
	EndGlobalSection
EndGlobal
